{
  "name": "CDN",
  "lockfileVersion": 3,
  "requires": true,
  "packages": {
    "": {
      "devDependencies": {
        "@types/cloudflare": "^2.7.15"
      }
    },
    "node_modules/@types/cloudflare": {
      "version": "2.7.15",
      "resolved": "https://registry.npmjs.org/@types/cloudflare/-/cloudflare-2.7.15.tgz",
      "integrity": "sha512-DfJa5h84Vl9LdTFYzpeG8KLgcqJfywNfbIyr+ktFxYB6fOWWHbunu0W7pDH1fy4vzP4/RgQ6TZL62pxP8pv9GQ==",
      "dev": true,
      "license": "MIT"
    }
  }
}
